# @generated by Move, please check-in and do not edit manually.

[move]
version = 0
manifest_digest = "2B7284D5C567BF962AD0CCBAA1586D4D904E2454B85DAA8FFAABF9EBA0193452"
deps_digest = "F8BBB0CCB2491CA29A3DF03D6F92277A4F3574266507ACD77214D37ECA3F3082"

dependencies = [
  { name = "Sui" },
]

[[move.package]]
name = "MoveStdlib"
source = { git = "https://github.com/MystenLabs/sui.git", rev = "46a97cd8bedea35a8ba0e3a569c82ffea2c59bfc", subdir = "crates/sui-framework/packages/move-stdlib" }

[[move.package]]
name = "Sui"
source = { git = "https://github.com/MystenLabs/sui.git", rev = "46a97cd8bedea35a8ba0e3a569c82ffea2c59bfc", subdir = "crates/sui-framework/packages/sui-framework" }

dependencies = [
  { name = "MoveStdlib" },
]
